
Microsoft Visual Studio Solution File, Format Version 12.00
# Visual Studio Version 17
Project("{FAE04EC0-301F-11D3-BF4B-00C04F79EFBC}") = "InductorParser", "src\InductorParser\InductorParser.csproj", "{8B7E5E1F-1A8E-4B6E-9F3E-1A8E4B6E9F3E}"
EndProject
Project("{FAE04EC0-301F-11D3-BF4B-00C04F79EFBC}") = "InductorParser.Tests", "src\InductorParser.Tests\InductorParser.Tests.csproj", "{9B7E5E1F-1A8E-4B6E-9F3E-1A8E4B6E9F3F}"
EndProject
Project("{2150E333-8FDC-42A3-9474-1A3956D46DE8}") = "E2ESamples", "E2ESamples", "{966FDEC3-2400-C95E-2A96-0A5187DFAB60}"
EndProject
Project("{FAE04EC0-301F-11D3-BF4B-00C04F79EFBC}") = "SemVer", "E2ESamples\SemVer\SemVer.csproj", "{D30D7542-53B4-4158-92C7-E299EA217462}"
EndProject
Project("{FAE04EC0-301F-11D3-BF4B-00C04F79EFBC}") = "Toml", "E2ESamples\Toml\Toml.csproj", "{AB7E5E1F-1A8E-4B6E-9F3E-1A8E4B6E9F40}"
EndProject
Project("{2150E333-8FDC-42A3-9474-1A3956D46DE8}") = "src", "src", "{827E0CD3-B72D-47B6-A68D-7590B98EB39B}"
EndProject
Project("{FAE04EC0-301F-11D3-BF4B-00C04F79EFBC}") = "Versionize.E2ESample", "E2ESamples\Versionize\Versionize.E2ESample.csproj", "{AB7E5E1F-1A8E-4B6E-9F3E-1A8E4B6E9F40}"
EndProject
Global
	GlobalSection(SolutionConfigurationPlatforms) = preSolution
		Debug|Any CPU = Debug|Any CPU
		Debug|x64 = Debug|x64
		Debug|x86 = Debug|x86
		Release|Any CPU = Release|Any CPU
		Release|x64 = Release|x64
		Release|x86 = Release|x86
	EndGlobalSection
	GlobalSection(ProjectConfigurationPlatforms) = postSolution
		{8B7E5E1F-1A8E-4B6E-9F3E-1A8E4B6E9F3E}.Debug|Any CPU.ActiveCfg = Debug|Any CPU
		{8B7E5E1F-1A8E-4B6E-9F3E-1A8E4B6E9F3E}.Debug|Any CPU.Build.0 = Debug|Any CPU
		{8B7E5E1F-1A8E-4B6E-9F3E-1A8E4B6E9F3E}.Debug|x64.ActiveCfg = Debug|Any CPU
		{8B7E5E1F-1A8E-4B6E-9F3E-1A8E4B6E9F3E}.Debug|x64.Build.0 = Debug|Any CPU
		{8B7E5E1F-1A8E-4B6E-9F3E-1A8E4B6E9F3E}.Debug|x86.ActiveCfg = Debug|Any CPU
		{8B7E5E1F-1A8E-4B6E-9F3E-1A8E4B6E9F3E}.Debug|x86.Build.0 = Debug|Any CPU
		{8B7E5E1F-1A8E-4B6E-9F3E-1A8E4B6E9F3E}.Release|Any CPU.ActiveCfg = Release|Any CPU
		{8B7E5E1F-1A8E-4B6E-9F3E-1A8E4B6E9F3E}.Release|Any CPU.Build.0 = Release|Any CPU
		{8B7E5E1F-1A8E-4B6E-9F3E-1A8E4B6E9F3E}.Release|x64.ActiveCfg = Release|Any CPU
		{8B7E5E1F-1A8E-4B6E-9F3E-1A8E4B6E9F3E}.Release|x64.Build.0 = Release|Any CPU
		{8B7E5E1F-1A8E-4B6E-9F3E-1A8E4B6E9F3E}.Release|x86.ActiveCfg = Release|Any CPU
		{8B7E5E1F-1A8E-4B6E-9F3E-1A8E4B6E9F3E}.Release|x86.Build.0 = Release|Any CPU
		{9B7E5E1F-1A8E-4B6E-9F3E-1A8E4B6E9F3F}.Debug|Any CPU.ActiveCfg = Debug|Any CPU
		{9B7E5E1F-1A8E-4B6E-9F3E-1A8E4B6E9F3F}.Debug|Any CPU.Build.0 = Debug|Any CPU
		{9B7E5E1F-1A8E-4B6E-9F3E-1A8E4B6E9F3F}.Debug|x64.ActiveCfg = Debug|Any CPU
		{9B7E5E1F-1A8E-4B6E-9F3E-1A8E4B6E9F3F}.Debug|x64.Build.0 = Debug|Any CPU
		{9B7E5E1F-1A8E-4B6E-9F3E-1A8E4B6E9F3F}.Debug|x86.ActiveCfg = Debug|Any CPU
		{9B7E5E1F-1A8E-4B6E-9F3E-1A8E4B6E9F3F}.Debug|x86.Build.0 = Debug|Any CPU
		{9B7E5E1F-1A8E-4B6E-9F3E-1A8E4B6E9F3F}.Release|Any CPU.ActiveCfg = Release|Any CPU
		{9B7E5E1F-1A8E-4B6E-9F3E-1A8E4B6E9F3F}.Release|Any CPU.Build.0 = Release|Any CPU
		{9B7E5E1F-1A8E-4B6E-9F3E-1A8E4B6E9F3F}.Release|x64.ActiveCfg = Release|Any CPU
		{9B7E5E1F-1A8E-4B6E-9F3E-1A8E4B6E9F3F}.Release|x64.Build.0 = Release|Any CPU
		{9B7E5E1F-1A8E-4B6E-9F3E-1A8E4B6E9F3F}.Release|x86.ActiveCfg = Release|Any CPU
		{9B7E5E1F-1A8E-4B6E-9F3E-1A8E4B6E9F3F}.Release|x86.Build.0 = Release|Any CPU
		{D30D7542-53B4-4158-92C7-E299EA217462}.Debug|Any CPU.ActiveCfg = Debug|Any CPU
		{D30D7542-53B4-4158-92C7-E299EA217462}.Debug|Any CPU.Build.0 = Debug|Any CPU
		{D30D7542-53B4-4158-92C7-E299EA217462}.Debug|x64.ActiveCfg = Debug|Any CPU
		{D30D7542-53B4-4158-92C7-E299EA217462}.Debug|x64.Build.0 = Debug|Any CPU
		{D30D7542-53B4-4158-92C7-E299EA217462}.Debug|x86.ActiveCfg = Debug|Any CPU
		{D30D7542-53B4-4158-92C7-E299EA217462}.Debug|x86.Build.0 = Debug|Any CPU
		{D30D7542-53B4-4158-92C7-E299EA217462}.Release|Any CPU.ActiveCfg = Release|Any CPU
		{D30D7542-53B4-4158-92C7-E299EA217462}.Release|Any CPU.Build.0 = Release|Any CPU
		{D30D7542-53B4-4158-92C7-E299EA217462}.Release|x64.ActiveCfg = Release|Any CPU
		{D30D7542-53B4-4158-92C7-E299EA217462}.Release|x64.Build.0 = Release|Any CPU
		{D30D7542-53B4-4158-92C7-E299EA217462}.Release|x86.ActiveCfg = Release|Any CPU
		{D30D7542-53B4-4158-92C7-E299EA217462}.Release|x86.Build.0 = Release|Any CPU
		{AB7E5E1F-1A8E-4B6E-9F3E-1A8E4B6E9F40}.Debug|Any CPU.ActiveCfg = Debug|Any CPU
		{AB7E5E1F-1A8E-4B6E-9F3E-1A8E4B6E9F40}.Debug|Any CPU.Build.0 = Debug|Any CPU
		{AB7E5E1F-1A8E-4B6E-9F3E-1A8E4B6E9F40}.Debug|x64.ActiveCfg = Debug|Any CPU
		{AB7E5E1F-1A8E-4B6E-9F3E-1A8E4B6E9F40}.Debug|x64.Build.0 = Debug|Any CPU
		{AB7E5E1F-1A8E-4B6E-9F3E-1A8E4B6E9F40}.Debug|x86.ActiveCfg = Debug|Any CPU
		{AB7E5E1F-1A8E-4B6E-9F3E-1A8E4B6E9F40}.Debug|x86.Build.0 = Debug|Any CPU
		{AB7E5E1F-1A8E-4B6E-9F3E-1A8E4B6E9F40}.Release|Any CPU.ActiveCfg = Release|Any CPU
		{AB7E5E1F-1A8E-4B6E-9F3E-1A8E4B6E9F40}.Release|Any CPU.Build.0 = Release|Any CPU
		{AB7E5E1F-1A8E-4B6E-9F3E-1A8E4B6E9F40}.Release|x64.ActiveCfg = Release|Any CPU
		{AB7E5E1F-1A8E-4B6E-9F3E-1A8E4B6E9F40}.Release|x64.Build.0 = Release|Any CPU
		{AB7E5E1F-1A8E-4B6E-9F3E-1A8E4B6E9F40}.Release|x86.ActiveCfg = Release|Any CPU
		{AB7E5E1F-1A8E-4B6E-9F3E-1A8E4B6E9F40}.Release|x86.Build.0 = Release|Any CPU
	EndGlobalSection
	GlobalSection(SolutionProperties) = preSolution
		HideSolutionNode = FALSE
	EndGlobalSection
	GlobalSection(NestedProjects) = preSolution
		{D30D7542-53B4-4158-92C7-E299EA217462} = {966FDEC3-2400-C95E-2A96-0A5187DFAB60}
		{AB7E5E1F-1A8E-4B6E-9F3E-1A8E4B6E9F40} = {966FDEC3-2400-C95E-2A96-0A5187DFAB60}
	EndGlobalSection
EndGlobal
